{
  "name": "prerelease-ftw",
  "version": "0.1.2",
  "lockfileVersion": 1,
  "requires": true,
  "dependencies": {
    "ci-info": {
      "version": "1.1.1",
      "resolved": "http://npm.tescloud.com/ci-info/-/ci-info-1.1.1.tgz",
      "integrity": "sha512-vHDDF/bP9RYpTWtUhpJRhCFdvvp3iDWvEbuDbWgvjUrNGV1MXJrE0MPcwGtEled04m61iwdBLUIHZtDgzWS4ZQ==",
      "dev": true
    },
    "husky": {
      "version": "0.11.9",
      "resolved": "http://npm.tescloud.com/husky/-/husky-0.11.9.tgz",
      "integrity": "sha1-KM0dwWv/3KHU2TWSgU5fPDJ7OO4=",
      "dev": true,
      "requires": {
        "is-ci": "1.0.10",
        "normalize-path": "1.0.0"
      }
    },
    "is-ci": {
      "version": "1.0.10",
      "resolved": "http://npm.tescloud.com/is-ci/-/is-ci-1.0.10.tgz",
      "integrity": "sha1-9zkzayYyNlBhqdSCcM1WrjNpMY4=",
      "dev": true,
      "requires": {
        "ci-info": "1.1.1"
      }
    },
    "normalize-path": {
      "version": "1.0.0",
      "resolved": "http://npm.tescloud.com/normalize-path/-/normalize-path-1.0.0.tgz",
      "integrity": "sha1-MtDkcvkf80VwHBWoMRAY07CpA3k=",
      "dev": true
    }
  }
}
